
Microsoft Visual Studio Solution File, Format Version 12.00
# Visual Studio Version 17
VisualStudioVersion = 17.13.35913.81
MinimumVisualStudioVersion = 10.0.40219.1
Project("{FAE04EC0-301F-11D3-BF4B-00C04F79EFBC}") = "TallinnaRakenduslikKolledz", "..\..\..\TallinnaRakenduslikKolledz_TARpe24_JuhanH\TallinnaRakenduslikKolledz\TallinnaRakenduslikKolledz.csproj", "{59C0A738-45DA-5DD2-D452-97A7ECA97976}"
EndProject
Global
	GlobalSection(SolutionConfigurationPlatforms) = preSolution
		Debug|Any CPU = Debug|Any CPU
		Release|Any CPU = Release|Any CPU
	EndGlobalSection
	GlobalSection(ProjectConfigurationPlatforms) = postSolution
		{59C0A738-45DA-5DD2-D452-97A7ECA97976}.Debug|Any CPU.ActiveCfg = Debug|Any CPU
		{59C0A738-45DA-5DD2-D452-97A7ECA97976}.Debug|Any CPU.Build.0 = Debug|Any CPU
		{59C0A738-45DA-5DD2-D452-97A7ECA97976}.Release|Any CPU.ActiveCfg = Release|Any CPU
		{59C0A738-45DA-5DD2-D452-97A7ECA97976}.Release|Any CPU.Build.0 = Release|Any CPU
	EndGlobalSection
	GlobalSection(SolutionProperties) = preSolution
		HideSolutionNode = FALSE
	EndGlobalSection
	GlobalSection(ExtensibilityGlobals) = postSolution
		SolutionGuid = {1179E38E-65A6-4608-937F-34F41B832C26}
	EndGlobalSection
EndGlobal
